// !$*UTF8*$!
{
	archiveVersion = 1;
	classes = {
	};
	objectVersion = 46;
	objects = {

/* Begin PBXBuildFile section */
		DC85587E1AC4224C007EC4C4 /* TodoItem.m in Sources */ = {isa = PBXBuildFile; fileRef = DC85587D1AC4224C007EC4C4 /* TodoItem.m */; };
		DCCB3E561AB861C900984D2A /* main.m in Sources */ = {isa = PBXBuildFile; fileRef = DCCB3E551AB861C900984D2A /* main.m */; };
		DCCB3E591AB861C900984D2A /* AppDelegate.m in Sources */ = {isa = PBXBuildFile; fileRef = DCCB3E581AB861C900984D2A /* AppDelegate.m */; };
		DCCB3E5C1AB861C900984D2A /* ViewController.m in Sources */ = {isa = PBXBuildFile; fileRef = DCCB3E5B1AB861C900984D2A /* ViewController.m */; };
		DCCB3E5F1AB861C900984D2A /* Main.storyboard in Resources */ = {isa = PBXBuildFile; fileRef = DCCB3E5D1AB861C900984D2A /* Main.storyboard */; };
		DCCB3E611AB861C900984D2A /* Images.xcassets in Resources */ = {isa = PBXBuildFile; fileRef = DCCB3E601AB861C900984D2A /* Images.xcassets */; };
		DCCB3E701AB861C900984D2A /* UITableViewDemoTests.m in Sources */ = {isa = PBXBuildFile; fileRef = DCCB3E6F1AB861C900984D2A /* UITableViewDemoTests.m */; };
		DCF223931AB99CF600ECCB5F /* sortednames.plist in Resources */ = {isa = PBXBuildFile; fileRef = DCF223921AB99CF600ECCB5F /* sortednames.plist */; };
		DCF223971AB9C21B00ECCB5F /* Launch Screen.xib in Resources */ = {isa = PBXBuildFile; fileRef = DCF223961AB9C21B00ECCB5F /* Launch Screen.xib */; };
		DCFCA3B21AC2E41300E4EEDA /* Model.xcdatamodeld in Sources */ = {isa = PBXBuildFile; fileRef = DCFCA3B01AC2E41300E4EEDA /* Model.xcdatamodeld */; };
		DCFCA3B41AC2E99B00E4EEDA /* CoreData.framework in Frameworks */ = {isa = PBXBuildFile; fileRef = DCFCA3B31AC2E99B00E4EEDA /* CoreData.framework */; };
/* End PBXBuildFile section */

/* Begin PBXContainerItemProxy section */
		DCCB3E6A1AB861C900984D2A /* PBXContainerItemProxy */ = {
			isa = PBXContainerItemProxy;
			containerPortal = DCCB3E481AB861C900984D2A /* Project object */;
			proxyType = 1;
			remoteGlobalIDString = DCCB3E4F1AB861C900984D2A;
			remoteInfo = UITableViewDemo;
		};
/* End PBXContainerItemProxy section */

/* Begin PBXFileReference section */
		DC85587C1AC4224C007EC4C4 /* TodoItem.h */ = {isa = PBXFileReference; fileEncoding = 4; lastKnownFileType = sourcecode.c.h; path = TodoItem.h; sourceTree = "<group>"; };
		DC85587D1AC4224C007EC4C4 /* TodoItem.m */ = {isa = PBXFileReference; fileEncoding = 4; lastKnownFileType = sourcecode.c.objc; path = TodoItem.m; sourceTree = "<group>"; };
		DCCB3E501AB861C900984D2A /* UITableViewDemo.app */ = {isa = PBXFileReference; explicitFileType = wrapper.application; includeInIndex = 0; path = UITableViewDemo.app; sourceTree = BUILT_PRODUCTS_DIR; };
		DCCB3E541AB861C900984D2A /* Info.plist */ = {isa = PBXFileReference; lastKnownFileType = text.plist.xml; path = Info.plist; sourceTree = "<group>"; };
		DCCB3E551AB861C900984D2A /* main.m */ = {isa = PBXFileReference; lastKnownFileType = sourcecode.c.objc; path = main.m; sourceTree = "<group>"; };
		DCCB3E571AB861C900984D2A /* AppDelegate.h */ = {isa = PBXFileReference; lastKnownFileType = sourcecode.c.h; path = AppDelegate.h; sourceTree = "<group>"; };
		DCCB3E581AB861C900984D2A /* AppDelegate.m */ = {isa = PBXFileReference; lastKnownFileType = sourcecode.c.objc; path = AppDelegate.m; sourceTree = "<group>"; };
		DCCB3E5A1AB861C900984D2A /* ViewController.h */ = {isa = PBXFileReference; lastKnownFileType = sourcecode.c.h; path = ViewController.h; sourceTree = "<group>"; };
		DCCB3E5B1AB861C900984D2A /* ViewController.m */ = {isa = PBXFileReference; lastKnownFileType = sourcecode.c.objc; path = ViewController.m; sourceTree = "<group>"; };
		DCCB3E5E1AB861C900984D2A /* Base */ = {isa = PBXFileReference; lastKnownFileType = file.storyboard; name = Base; path = Base.lproj/Main.storyboard; sourceTree = "<group>"; };
		DCCB3E601AB861C900984D2A /* Images.xcassets */ = {isa = PBXFileReference; lastKnownFileType = folder.assetcatalog; path = Images.xcassets; sourceTree = "<group>"; };
		DCCB3E691AB861C900984D2A /* UITableViewDemoTests.xctest */ = {isa = PBXFileReference; explicitFileType = wrapper.cfbundle; includeInIndex = 0; path = UITableViewDemoTests.xctest; sourceTree = BUILT_PRODUCTS_DIR; };
		DCCB3E6E1AB861C900984D2A /* Info.plist */ = {isa = PBXFileReference; lastKnownFileType = text.plist.xml; path = Info.plist; sourceTree = "<group>"; };
		DCCB3E6F1AB861C900984D2A /* UITableViewDemoTests.m */ = {isa = PBXFileReference; lastKnownFileType = sourcecode.c.objc; path = UITableViewDemoTests.m; sourceTree = "<group>"; };
		DCF223921AB99CF600ECCB5F /* sortednames.plist */ = {isa = PBXFileReference; fileEncoding = 4; lastKnownFileType = text.plist.xml; path = sortednames.plist; sourceTree = "<group>"; };
		DCF223961AB9C21B00ECCB5F /* Launch Screen.xib */ = {isa = PBXFileReference; fileEncoding = 4; lastKnownFileType = file.xib; name = "Launch Screen.xib"; path = "../Launch Screen.xib"; sourceTree = "<group>"; };
		DCFCA3B11AC2E41300E4EEDA /* Model.xcdatamodel */ = {isa = PBXFileReference; lastKnownFileType = wrapper.xcdatamodel; path = Model.xcdatamodel; sourceTree = "<group>"; };
		DCFCA3B31AC2E99B00E4EEDA /* CoreData.framework */ = {isa = PBXFileReference; lastKnownFileType = wrapper.framework; name = CoreData.framework; path = System/Library/Frameworks/CoreData.framework; sourceTree = SDKROOT; };
/* End PBXFileReference section */

/* Begin PBXFrameworksBuildPhase section */
		DCCB3E4D1AB861C900984D2A /* Frameworks */ = {
			isa = PBXFrameworksBuildPhase;
			buildActionMask = 2147483647;
			files = (
				DCFCA3B41AC2E99B00E4EEDA /* CoreData.framework in Frameworks */,
			);
			runOnlyForDeploymentPostprocessing = 0;
		};
		DCCB3E661AB861C900984D2A /* Frameworks */ = {
			isa = PBXFrameworksBuildPhase;
			buildActionMask = 2147483647;
			files = (
			);
			runOnlyForDeploymentPostprocessing = 0;
		};
/* End PBXFrameworksBuildPhase section */

/* Begin PBXGroup section */
		DCCB3E471AB861C900984D2A = {
			isa = PBXGroup;
			children = (
				DCFCA3B31AC2E99B00E4EEDA /* CoreData.framework */,
				DCCB3E521AB861C900984D2A /* UITableViewDemo */,
				DCCB3E6C1AB861C900984D2A /* UITableViewDemoTests */,
				DCCB3E511AB861C900984D2A /* Products */,
			);
			sourceTree = "<group>";
		};
		DCCB3E511AB861C900984D2A /* Products */ = {
			isa = PBXGroup;
			children = (
				DCCB3E501AB861C900984D2A /* UITableViewDemo.app */,
				DCCB3E691AB861C900984D2A /* UITableViewDemoTests.xctest */,
			);
			name = Products;
			sourceTree = "<group>";
		};
		DCCB3E521AB861C900984D2A /* UITableViewDemo */ = {
			isa = PBXGroup;
			children = (
				DCF223961AB9C21B00ECCB5F /* Launch Screen.xib */,
				DCF223921AB99CF600ECCB5F /* sortednames.plist */,
				DCCB3E571AB861C900984D2A /* AppDelegate.h */,
				DCCB3E581AB861C900984D2A /* AppDelegate.m */,
				DCCB3E5A1AB861C900984D2A /* ViewController.h */,
				DCCB3E5B1AB861C900984D2A /* ViewController.m */,
				DCCB3E5D1AB861C900984D2A /* Main.storyboard */,
				DCCB3E601AB861C900984D2A /* Images.xcassets */,
				DCCB3E531AB861C900984D2A /* Supporting Files */,
				DCFCA3B01AC2E41300E4EEDA /* Model.xcdatamodeld */,
				DC85587C1AC4224C007EC4C4 /* TodoItem.h */,
				DC85587D1AC4224C007EC4C4 /* TodoItem.m */,
			);
			path = UITableViewDemo;
			sourceTree = "<group>";
		};
		DCCB3E531AB861C900984D2A /* Supporting Files */ = {
			isa = PBXGroup;
			children = (
				DCCB3E541AB861C900984D2A /* Info.plist */,
				DCCB3E551AB861C900984D2A /* main.m */,
			);
			name = "Supporting Files";
			sourceTree = "<group>";
		};
		DCCB3E6C1AB861C900984D2A /* UITableViewDemoTests */ = {
			isa = PBXGroup;
			children = (
				DCCB3E6F1AB861C900984D2A /* UITableViewDemoTests.m */,
				DCCB3E6D1AB861C900984D2A /* Supporting Files */,
			);
			path = UITableViewDemoTests;
			sourceTree = "<group>";
		};
		DCCB3E6D1AB861C900984D2A /* Supporting Files */ = {
			isa = PBXGroup;
			children = (
				DCCB3E6E1AB861C900984D2A /* Info.plist */,
			);
			name = "Supporting Files";
			sourceTree = "<group>";
		};
/* End PBXGroup section */

/* Begin PBXNativeTarget section */
		DCCB3E4F1AB861C900984D2A /* UITableViewDemo */ = {
			isa = PBXNativeTarget;
			buildConfigurationList = DCCB3E731AB861C900984D2A /* Build configuration list for PBXNativeTarget "UITableViewDemo" */;
			buildPhases = (
				DCCB3E4C1AB861C900984D2A /* Sources */,
				DCCB3E4D1AB861C900984D2A /* Frameworks */,
				DCCB3E4E1AB861C900984D2A /* Resources */,
			);
			buildRules = (
			);
			dependencies = (
			);
			name = UITableViewDemo;
			productName = UITableViewDemo;
			productReference = DCCB3E501AB861C900984D2A /* UITableViewDemo.app */;
			productType = "com.apple.product-type.application";
		};
		DCCB3E681AB861C900984D2A /* UITableViewDemoTests */ = {
			isa = PBXNativeTarget;
			buildConfigurationList = DCCB3E761AB861C900984D2A /* Build configuration list for PBXNativeTarget "UITableViewDemoTests" */;
			buildPhases = (
				DCCB3E651AB861C900984D2A /* Sources */,
				DCCB3E661AB861C900984D2A /* Frameworks */,
				DCCB3E671AB861C900984D2A /* Resources */,
			);
			buildRules = (
			);
			dependencies = (
				DCCB3E6B1AB861C900984D2A /* PBXTargetDependency */,
			);
			name = UITableViewDemoTests;
			productName = UITableViewDemoTests;
			productReference = DCCB3E691AB861C900984D2A /* UITableViewDemoTests.xctest */;
			productType = "com.apple.product-type.bundle.unit-test";
		};
/* End PBXNativeTarget section */

/* Begin PBXProject section */
		DCCB3E481AB861C900984D2A /* Project object */ = {
			isa = PBXProject;
			attributes = {
				LastUpgradeCheck = 0620;
				ORGANIZATIONNAME = Mattie;
				TargetAttributes = {
					DCCB3E4F1AB861C900984D2A = {
						CreatedOnToolsVersion = 6.2;
						SystemCapabilities = {
							com.apple.Maps.iOS = {
								enabled = 0;
							};
						};
					};
					DCCB3E681AB861C900984D2A = {
						CreatedOnToolsVersion = 6.2;
						TestTargetID = DCCB3E4F1AB861C900984D2A;
					};
				};
			};
			buildConfigurationList = DCCB3E4B1AB861C900984D2A /* Build configuration list for PBXProject "UITableViewDemo" */;
			compatibilityVersion = "Xcode 3.2";
			developmentRegion = English;
			hasScannedForEncodings = 0;
			knownRegions = (
				en,
				Base,
			);
			mainGroup = DCCB3E471AB861C900984D2A;
			productRefGroup = DCCB3E511AB861C900984D2A /* Products */;
			projectDirPath = "";
			projectRoot = "";
			targets = (
				DCCB3E4F1AB861C900984D2A /* UITableViewDemo */,
				DCCB3E681AB861C900984D2A /* UITableViewDemoTests */,
			);
		};
/* End PBXProject section */

/* Begin PBXResourcesBuildPhase section */
		DCCB3E4E1AB861C900984D2A /* Resources */ = {
			isa = PBXResourcesBuildPhase;
			buildActionMask = 2147483647;
			files = (
				DCF223931AB99CF600ECCB5F /* sortednames.plist in Resources */,
				DCF223971AB9C21B00ECCB5F /* Launch Screen.xib in Resources */,
				DCCB3E5F1AB861C900984D2A /* Main.storyboard in Resources */,
				DCCB3E611AB861C900984D2A /* Images.xcassets in Resources */,
			);
			runOnlyForDeploymentPostprocessing = 0;
		};
		DCCB3E671AB861C900984D2A /* Resources */ = {
			isa = PBXResourcesBuildPhase;
			buildActionMask = 2147483647;
			files = (
			);
			runOnlyForDeploymentPostprocessing = 0;
		};
/* End PBXResourcesBuildPhase section */

/* Begin PBXSourcesBuildPhase section */
		DCCB3E4C1AB861C900984D2A /* Sources */ = {
			isa = PBXSourcesBuildPhase;
			buildActionMask = 2147483647;
			files = (
				DCCB3E5C1AB861C900984D2A /* ViewController.m in Sources */,
				DCCB3E591AB861C900984D2A /* AppDelegate.m in Sources */,
				DCCB3E561AB861C900984D2A /* main.m in Sources */,
				DCFCA3B21AC2E41300E4EEDA /* Model.xcdatamodeld in Sources */,
				DC85587E1AC4224C007EC4C4 /* TodoItem.m in Sources */,
			);
			runOnlyForDeploymentPostprocessing = 0;
		};
		DCCB3E651AB861C900984D2A /* Sources */ = {
			isa = PBXSourcesBuildPhase;
			buildActionMask = 2147483647;
			files = (
				DCCB3E701AB861C900984D2A /* UITableViewDemoTests.m in Sources */,
			);
			runOnlyForDeploymentPostprocessing = 0;
		};
/* End PBXSourcesBuildPhase section */

/* Begin PBXTargetDependency section */
		DCCB3E6B1AB861C900984D2A /* PBXTargetDependency */ = {
			isa = PBXTargetDependency;
			target = DCCB3E4F1AB861C900984D2A /* UITableViewDemo */;
			targetProxy = DCCB3E6A1AB861C900984D2A /* PBXContainerItemProxy */;
		};
/* End PBXTargetDependency section */

/* Begin PBXVariantGroup section */
		DCCB3E5D1AB861C900984D2A /* Main.storyboard */ = {
			isa = PBXVariantGroup;
			children = (
				DCCB3E5E1AB861C900984D2A /* Base */,
			);
			name = Main.storyboard;
			sourceTree = "<group>";
		};
/* End PBXVariantGroup section */

/* Begin XCBuildConfiguration section */
		DCCB3E711AB861C900984D2A /* Debug */ = {
			isa = XCBuildConfiguration;
			buildSettings = {
				ALWAYS_SEARCH_USER_PATHS = NO;
				CLANG_CXX_LANGUAGE_STANDARD = "gnu++0x";
				CLANG_CXX_LIBRARY = "libc++";
				CLANG_ENABLE_MODULES = YES;
				CLANG_ENABLE_OBJC_ARC = YES;
				CLANG_WARN_BOOL_CONVERSION = YES;
				CLANG_WARN_CONSTANT_CONVERSION = YES;
				CLANG_WARN_DIRECT_OBJC_ISA_USAGE = YES_ERROR;
				CLANG_WARN_EMPTY_BODY = YES;
				CLANG_WARN_ENUM_CONVERSION = YES;
				CLANG_WARN_INT_CONVERSION = YES;
				CLANG_WARN_OBJC_ROOT_CLASS = YES_ERROR;
				CLANG_WARN_UNREACHABLE_CODE = YES;
				CLANG_WARN__DUPLICATE_METHOD_MATCH = YES;
				"CODE_SIGN_IDENTITY[sdk=iphoneos*]" = "iPhone Developer";
				COPY_PHASE_STRIP = NO;
				ENABLE_STRICT_OBJC_MSGSEND = YES;
				GCC_C_LANGUAGE_STANDARD = gnu99;
				GCC_DYNAMIC_NO_PIC = NO;
				GCC_OPTIMIZATION_LEVEL = 0;
				GCC_PREPROCESSOR_DEFINITIONS = (
					"DEBUG=1",
					"$(inherited)",
				);
				GCC_SYMBOLS_PRIVATE_EXTERN = NO;
				GCC_WARN_64_TO_32_BIT_CONVERSION = YES;
				GCC_WARN_ABOUT_RETURN_TYPE = YES_ERROR;
				GCC_WARN_UNDECLARED_SELECTOR = YES;
				GCC_WARN_UNINITIALIZED_AUTOS = YES_AGGRESSIVE;
				GCC_WARN_UNUSED_FUNCTION = YES;
				GCC_WARN_UNUSED_VARIABLE = YES;
				IPHONEOS_DEPLOYMENT_TARGET = 8.2;
				MTL_ENABLE_DEBUG_INFO = YES;
				ONLY_ACTIVE_ARCH = YES;
				SDKROOT = iphoneos;
			};
			name = Debug;
		};
		DCCB3E721AB861C900984D2A /* Release */ = {
			isa = XCBuildConfiguration;
			buildSettings = {
				ALWAYS_SEARCH_USER_PATHS = NO;
				CLANG_CXX_LANGUAGE_STANDARD = "gnu++0x";
				CLANG_CXX_LIBRARY = "libc++";
				CLANG_ENABLE_MODULES = YES;
				CLANG_ENABLE_OBJC_ARC = YES;
				CLANG_WARN_BOOL_CONVERSION = YES;
				CLANG_WARN_CONSTANT_CONVERSION = YES;
				CLANG_WARN_DIRECT_OBJC_ISA_USAGE = YES_ERROR;
				CLANG_WARN_EMPTY_BODY = YES;
				CLANG_WARN_ENUM_CONVERSION = YES;
				CLANG_WARN_INT_CONVERSION = YES;
				CLANG_WARN_OBJC_ROOT_CLASS = YES_ERROR;
				CLANG_WARN_UNREACHABLE_CODE = YES;
				CLANG_WARN__DUPLICATE_METHOD_MATCH = YES;
				"CODE_SIGN_IDENTITY[sdk=iphoneos*]" = "iPhone Developer";
				COPY_PHASE_STRIP = NO;
				ENABLE_NS_ASSERTIONS = NO;
				ENABLE_STRICT_OBJC_MSGSEND = YES;
				GCC_C_LANGUAGE_STANDARD = gnu99;
				GCC_WARN_64_TO_32_BIT_CONVERSION = YES;
				GCC_WARN_ABOUT_RETURN_TYPE = YES_ERROR;
				GCC_WARN_UNDECLARED_SELECTOR = YES;
				GCC_WARN_UNINITIALIZED_AUTOS = YES_AGGRESSIVE;
				GCC_WARN_UNUSED_FUNCTION = YES;
				GCC_WARN_UNUSED_VARIABLE = YES;
				IPHONEOS_DEPLOYMENT_TARGET = 8.2;
				MTL_ENABLE_DEBUG_INFO = NO;
				SDKROOT = iphoneos;
				VALIDATE_PRODUCT = YES;
			};
			name = Release;
		};
		DCCB3E741AB861C900984D2A /* Debug */ = {
			isa = XCBuildConfiguration;
			buildSettings = {
				ASSETCATALOG_COMPILER_APPICON_NAME = AppIcon;
				ASSETCATALOG_COMPILER_LAUNCHIMAGE_NAME = "";
				INFOPLIST_FILE = UITableViewDemo/Info.plist;
				LD_RUNPATH_SEARCH_PATHS = "$(inherited) @executable_path/Frameworks";
				PRODUCT_NAME = "$(TARGET_NAME)";
			};
			name = Debug;
		};
		DCCB3E751AB861C900984D2A /* Release */ = {
			isa = XCBuildConfiguration;
			buildSettings = {
				ASSETCATALOG_COMPILER_APPICON_NAME = AppIcon;
				ASSETCATALOG_COMPILER_LAUNCHIMAGE_NAME = "";
				INFOPLIST_FILE = UITableViewDemo/Info.plist;
				LD_RUNPATH_SEARCH_PATHS = "$(inherited) @executable_path/Frameworks";
				PRODUCT_NAME = "$(TARGET_NAME)";
			};
			name = Release;
		};
		DCCB3E771AB861C900984D2A /* Debug */ = {
			isa = XCBuildConfiguration;
			buildSettings = {
				BUNDLE_LOADER = "$(TEST_HOST)";
				FRAMEWORK_SEARCH_PATHS = (
					"$(SDKROOT)/Developer/Library/Frameworks",
					"$(inherited)",
				);
				GCC_PREPROCESSOR_DEFINITIONS = (
					"DEBUG=1",
					"$(inherited)",
				);
				INFOPLIST_FILE = UITableViewDemoTests/Info.plist;
				LD_RUNPATH_SEARCH_PATHS = "$(inherited) @executable_path/Frameworks @loader_path/Frameworks";
				PRODUCT_NAME = "$(TARGET_NAME)";
				TEST_HOST = "$(BUILT_PRODUCTS_DIR)/UITableViewDemo.app/UITableViewDemo";
			};
			name = Debug;
		};
		DCCB3E781AB861C900984D2A /* Release */ = {
			isa = XCBuildConfiguration;
			buildSettings = {
				BUNDLE_LOADER = "$(TEST_HOST)";
				FRAMEWORK_SEARCH_PATHS = (
					"$(SDKROOT)/Developer/Library/Frameworks",
					"$(inherited)",
				);
				INFOPLIST_FILE = UITableViewDemoTests/Info.plist;
				LD_RUNPATH_SEARCH_PATHS = "$(inherited) @executable_path/Frameworks @loader_path/Frameworks";
				PRODUCT_NAME = "$(TARGET_NAME)";
				TEST_HOST = "$(BUILT_PRODUCTS_DIR)/UITableViewDemo.app/UITableViewDemo";
			};
			name = Release;
		};
/* End XCBuildConfiguration section */

/* Begin XCConfigurationList section */
		DCCB3E4B1AB861C900984D2A /* Build configuration list for PBXProject "UITableViewDemo" */ = {
			isa = XCConfigurationList;
			buildConfigurations = (
				DCCB3E711AB861C900984D2A /* Debug */,
				DCCB3E721AB861C900984D2A /* Release */,
			);
			defaultConfigurationIsVisible = 0;
			defaultConfigurationName = Release;
		};
		DCCB3E731AB861C900984D2A /* Build configuration list for PBXNativeTarget "UITableViewDemo" */ = {
			isa = XCConfigurationList;
			buildConfigurations = (
				DCCB3E741AB861C900984D2A /* Debug */,
				DCCB3E751AB861C900984D2A /* Release */,
			);
			defaultConfigurationIsVisible = 0;
			defaultConfigurationName = Release;
		};
		DCCB3E761AB861C900984D2A /* Build configuration list for PBXNativeTarget "UITableViewDemoTests" */ = {
			isa = XCConfigurationList;
			buildConfigurations = (
				DCCB3E771AB861C900984D2A /* Debug */,
				DCCB3E781AB861C900984D2A /* Release */,
			);
			defaultConfigurationIsVisible = 0;
			defaultConfigurationName = Release;
		};
/* End XCConfigurationList section */

/* Begin XCVersionGroup section */
		DCFCA3B01AC2E41300E4EEDA /* Model.xcdatamodeld */ = {
			isa = XCVersionGroup;
			children = (
				DCFCA3B11AC2E41300E4EEDA /* Model.xcdatamodel */,
			);
			currentVersion = DCFCA3B11AC2E41300E4EEDA /* Model.xcdatamodel */;
			path = Model.xcdatamodeld;
			sourceTree = "<group>";
			versionGroupType = wrapper.xcdatamodel;
		};
/* End XCVersionGroup section */
	};
	rootObject = DCCB3E481AB861C900984D2A /* Project object */;
}
